
Microsoft Visual Studio Solution File, Format Version 12.00
Project("{FAE04EC0-301F-11D3-BF4B-00C04F79EFBC}") = "PAEG.BusinessLayer", "PAEG.BusinessLayer\PAEG.BusinessLayer.csproj", "{46FAE8A3-8FA0-4627-AAD7-C2C7A2211073}"
EndProject
Project("{FAE04EC0-301F-11D3-BF4B-00C04F79EFBC}") = "PAEG.PersistenceLayer", "PAEG.PersistenceLayer\PAEG.PersistenceLayer.csproj", "{12AB949A-7778-496F-BB1A-138D77DC6368}"
EndProject
Project("{FAE04EC0-301F-11D3-BF4B-00C04F79EFBC}") = "PAEG.Model", "PAEG.Model\PAEG.Model.csproj", "{E5B4ACC5-F24D-4145-82BD-904BCF2CE349}"
EndProject
Project("{FAE04EC0-301F-11D3-BF4B-00C04F79EFBC}") = "PAEG.DI", "PAEG.DI\PAEG.DI.csproj", "{74EF039C-0BA2-41DE-9FF8-83F5DC6790E1}"
EndProject
Project("{FAE04EC0-301F-11D3-BF4B-00C04F79EFBC}") = "PAEG.BusinessLayer.Test", "PAEG.BusinessLayer.Test\PAEG.BusinessLayer.Test.csproj", "{327C5DBC-6915-49E1-B11E-6C53BE643346}"
EndProject
Global
	GlobalSection(SolutionConfigurationPlatforms) = preSolution
		Debug|Any CPU = Debug|Any CPU
		Release|Any CPU = Release|Any CPU
	EndGlobalSection
	GlobalSection(ProjectConfigurationPlatforms) = postSolution
		{46FAE8A3-8FA0-4627-AAD7-C2C7A2211073}.Debug|Any CPU.ActiveCfg = Debug|Any CPU
		{46FAE8A3-8FA0-4627-AAD7-C2C7A2211073}.Debug|Any CPU.Build.0 = Debug|Any CPU
		{46FAE8A3-8FA0-4627-AAD7-C2C7A2211073}.Release|Any CPU.ActiveCfg = Release|Any CPU
		{46FAE8A3-8FA0-4627-AAD7-C2C7A2211073}.Release|Any CPU.Build.0 = Release|Any CPU
		{12AB949A-7778-496F-BB1A-138D77DC6368}.Debug|Any CPU.ActiveCfg = Debug|Any CPU
		{12AB949A-7778-496F-BB1A-138D77DC6368}.Debug|Any CPU.Build.0 = Debug|Any CPU
		{12AB949A-7778-496F-BB1A-138D77DC6368}.Release|Any CPU.ActiveCfg = Release|Any CPU
		{12AB949A-7778-496F-BB1A-138D77DC6368}.Release|Any CPU.Build.0 = Release|Any CPU
		{E5B4ACC5-F24D-4145-82BD-904BCF2CE349}.Debug|Any CPU.ActiveCfg = Debug|Any CPU
		{E5B4ACC5-F24D-4145-82BD-904BCF2CE349}.Debug|Any CPU.Build.0 = Debug|Any CPU
		{E5B4ACC5-F24D-4145-82BD-904BCF2CE349}.Release|Any CPU.ActiveCfg = Release|Any CPU
		{E5B4ACC5-F24D-4145-82BD-904BCF2CE349}.Release|Any CPU.Build.0 = Release|Any CPU
		{74EF039C-0BA2-41DE-9FF8-83F5DC6790E1}.Debug|Any CPU.ActiveCfg = Debug|Any CPU
		{74EF039C-0BA2-41DE-9FF8-83F5DC6790E1}.Debug|Any CPU.Build.0 = Debug|Any CPU
		{74EF039C-0BA2-41DE-9FF8-83F5DC6790E1}.Release|Any CPU.ActiveCfg = Release|Any CPU
		{74EF039C-0BA2-41DE-9FF8-83F5DC6790E1}.Release|Any CPU.Build.0 = Release|Any CPU
		{327C5DBC-6915-49E1-B11E-6C53BE643346}.Debug|Any CPU.ActiveCfg = Debug|Any CPU
		{327C5DBC-6915-49E1-B11E-6C53BE643346}.Debug|Any CPU.Build.0 = Debug|Any CPU
		{327C5DBC-6915-49E1-B11E-6C53BE643346}.Release|Any CPU.ActiveCfg = Release|Any CPU
		{327C5DBC-6915-49E1-B11E-6C53BE643346}.Release|Any CPU.Build.0 = Release|Any CPU
	EndGlobalSection
EndGlobal
